
Microsoft Visual Studio Solution File, Format Version 12.00
# Visual Studio Version 16
VisualStudioVersion = 16.0.30804.86
MinimumVisualStudioVersion = 10.0.40219.1
Project("{FAE04EC0-301F-11D3-BF4B-00C04F79EFBC}") = "ZKTeco", "ZKTeco\ZKTeco.csproj", "{A167A088-6C39-4CCC-85DF-9F6FA5F5C087}"
EndProject
Global
	GlobalSection(SolutionConfigurationPlatforms) = preSolution
		Debug|Any CPU = Debug|Any CPU
		Release|Any CPU = Release|Any CPU
	EndGlobalSection
	GlobalSection(ProjectConfigurationPlatforms) = postSolution
		{A167A088-6C39-4CCC-85DF-9F6FA5F5C087}.Debug|Any CPU.ActiveCfg = Debug|Any CPU
		{A167A088-6C39-4CCC-85DF-9F6FA5F5C087}.Debug|Any CPU.Build.0 = Debug|Any CPU
		{A167A088-6C39-4CCC-85DF-9F6FA5F5C087}.Release|Any CPU.ActiveCfg = Release|Any CPU
		{A167A088-6C39-4CCC-85DF-9F6FA5F5C087}.Release|Any CPU.Build.0 = Release|Any CPU
	EndGlobalSection
	GlobalSection(SolutionProperties) = preSolution
		HideSolutionNode = FALSE
	EndGlobalSection
	GlobalSection(ExtensibilityGlobals) = postSolution
		SolutionGuid = {41F9FD8A-93E2-405C-A9C0-929FC212AC6D}
	EndGlobalSection
EndGlobal
